PODS:
  - FXShareCenter (3.0):
    - FXVender/UMSocial
    - MJExtension (= 3.0.12)
  - FXVender/UMSocial (0.7)
  - MJExtension (3.0.12)

DEPENDENCIES:
  - FXShareCenter (from `../`)

EXTERNAL SOURCES:
  FXShareCenter:
    :path: ../

SPEC CHECKSUMS:
  FXShareCenter: 30c71a306dc8c9990113e649747e79ce3a6b08e7
  FXVender: c25fb932377cc270851a94ef7b07044703e27887
  MJExtension: 61bcf70d30acf0a09dde48e68502da0fde8eeafa

PODFILE CHECKSUM: 603d99840d401a00e5b494f6d754b73d51b56407

COCOAPODS: 1.3.1
